
Microsoft Visual Studio Solution File, Format Version 12.00
# Visual Studio Version 17
VisualStudioVersion = 17.12.35707.178 d17.12
MinimumVisualStudioVersion = 10.0.40219.1
Project("{FAE04EC0-301F-11D3-BF4B-00C04F79EFBC}") = "Routya.ResultKit", "Routya.ResultKit.csproj", "{2997EECA-46FF-4F29-973D-0668670D6AF1}"
EndProject
Project("{FAE04EC0-301F-11D3-BF4B-00C04F79EFBC}") = "Routya.ResultKit.Test", "..\Routya.ResultKit.Test\Routya.ResultKit.Test.csproj", "{60167B01-28D2-40C9-849F-BE56B7D95319}"
EndProject
Global
	GlobalSection(SolutionConfigurationPlatforms) = preSolution
		Debug|Any CPU = Debug|Any CPU
		Release|Any CPU = Release|Any CPU
	EndGlobalSection
	GlobalSection(ProjectConfigurationPlatforms) = postSolution
		{2997EECA-46FF-4F29-973D-0668670D6AF1}.Debug|Any CPU.ActiveCfg = Debug|Any CPU
		{2997EECA-46FF-4F29-973D-0668670D6AF1}.Debug|Any CPU.Build.0 = Debug|Any CPU
		{2997EECA-46FF-4F29-973D-0668670D6AF1}.Release|Any CPU.ActiveCfg = Release|Any CPU
		{2997EECA-46FF-4F29-973D-0668670D6AF1}.Release|Any CPU.Build.0 = Release|Any CPU
		{60167B01-28D2-40C9-849F-BE56B7D95319}.Debug|Any CPU.ActiveCfg = Debug|Any CPU
		{60167B01-28D2-40C9-849F-BE56B7D95319}.Debug|Any CPU.Build.0 = Debug|Any CPU
		{60167B01-28D2-40C9-849F-BE56B7D95319}.Release|Any CPU.ActiveCfg = Release|Any CPU
		{60167B01-28D2-40C9-849F-BE56B7D95319}.Release|Any CPU.Build.0 = Release|Any CPU
	EndGlobalSection
	GlobalSection(SolutionProperties) = preSolution
		HideSolutionNode = FALSE
	EndGlobalSection
EndGlobal
